<?xml version="1.0" encoding="utf-8"?>
<Project ToolsVersion="4.0" xmlns="http://schemas.microsoft.com/developer/msbuild/2003">
  <ItemGroup>
    <Filter Include="源文件">
      <UniqueIdentifier>{4FC737F1-C7A5-4376-A066-2A32D752A2FF}</UniqueIdentifier>
      <Extensions>cpp;c;cc;cxx;def;odl;idl;hpj;bat;asm;asmx</Extensions>
    </Filter>
    <Filter Include="头文件">
      <UniqueIdentifier>{93995380-89BD-4b04-88EB-625FBE52EBFB}</UniqueIdentifier>
      <Extensions>h;hh;hpp;hxx;hm;inl;inc;xsd</Extensions>
    </Filter>
    <Filter Include="资源文件">
      <UniqueIdentifier>{67DA6AB6-F800-4c08-8B7A-83BB121AAD01}</UniqueIdentifier>
      <Extensions>rc;ico;cur;bmp;dlg;rc2;rct;bin;rgs;gif;jpg;jpeg;jpe;resx;tiff;tif;png;wav;mfcribbon-ms</Extensions>
    </Filter>
    <Filter Include="源文件\Framework">
      <UniqueIdentifier>{96afdc1f-d170-4da7-8fdc-7070e375efc4}</UniqueIdentifier>
    </Filter>
    <Filter Include="源文件\Rending">
      <UniqueIdentifier>{ec82841a-69df-4d7b-a559-471b70a8dc9d}</UniqueIdentifier>
    </Filter>
    <Filter Include="源文件\Util">
      <UniqueIdentifier>{dc07da19-f207-4d7d-ab30-9f7f26a4d87f}</UniqueIdentifier>
    </Filter>
  </ItemGroup>
  <ItemGroup>
    <ClCompile Include="..\..\Code\loadModel.cpp">
      <Filter>源文件</Filter>
    </ClCompile>
    <ClCompile Include="..\..\Code\Main.cpp">
      <Filter>源文件</Filter>
    </ClCompile>
  </ItemGroup>
  <ItemGroup>
    <ClInclude Include="..\..\Code\Framework\Component.h">
      <Filter>源文件\Framework</Filter>
    </ClInclude>
    <ClInclude Include="..\..\Code\Framework\Actor.h">
      <Filter>源文件\Framework</Filter>
    </ClInclude>
    <ClInclude Include="..\..\Code\Framework\Controller.h">
      <Filter>源文件\Framework</Filter>
    </ClInclude>
    <ClInclude Include="..\..\Code\Framework\Level.h">
      <Filter>源文件\Framework</Filter>
    </ClInclude>
    <ClInclude Include="..\..\Code\Framework\Object.h">
      <Filter>源文件\Framework</Filter>
    </ClInclude>
    <ClInclude Include="..\..\Code\Rending\Shader.h">
      <Filter>源文件\Rending</Filter>
    </ClInclude>
    <ClInclude Include="..\..\Code\Rending\Material.h">
      <Filter>源文件\Rending</Filter>
    </ClInclude>
    <ClInclude Include="..\..\Code\Rending\Mesh.h">
      <Filter>源文件\Rending</Filter>
    </ClInclude>
    <ClInclude Include="..\..\Code\Framework\Texture.h">
      <Filter>源文件\Rending</Filter>
    </ClInclude>
    <ClInclude Include="..\..\Code\Framework\Camera.h">
      <Filter>源文件\Framework</Filter>
    </ClInclude>
    <ClInclude Include="..\..\Code\Util\Gloabl.h">
      <Filter>源文件\Util</Filter>
    </ClInclude>
    <ClInclude Include="..\..\Code\Framework\InputComponent.h">
      <Filter>源文件\Framework</Filter>
    </ClInclude>
    <ClInclude Include="..\..\Code\Rending\GBuffer.h">
      <Filter>源文件\Rending</Filter>
    </ClInclude>
    <ClInclude Include="..\..\Code\Rending\Framebuffer.h">
      <Filter>源文件\Rending</Filter>
    </ClInclude>
  </ItemGroup>
</Project>